
Microsoft Visual Studio Solution File, Format Version 12.00
# Visual Studio Version 18
VisualStudioVersion = 18.9.12120.119 stable
MinimumVisualStudioVersion = 10.0.40219.1
Project("{8BC9CEB8-8B4A-11D0-8D11-00A0C91BC942}") = "project_win_visualcpp", "project_win_visualcpp.vcproj", "{9A50ACD6-B1AB-4AAF-A85C-D5E388EF024B}"
EndProject
Global
	GlobalSection(SolutionConfigurationPlatforms) = preSolution
		Debug|Win32 = Debug|Win32
		Release|Win32 = Release|Win32
	EndGlobalSection
	GlobalSection(ProjectConfigurationPlatforms) = postSolution
		{9A50ACD6-B1AB-4AAF-A85C-D5E388EF024B}.Debug|Win32.ActiveCfg = Debug|Win32
		{9A50ACD6-B1AB-4AAF-A85C-D5E388EF024B}.Debug|Win32.Build.0 = Debug|Win32
		{9A50ACD6-B1AB-4AAF-A85C-D5E388EF024B}.Release|Win32.ActiveCfg = Release|Win32
		{9A50ACD6-B1AB-4AAF-A85C-D5E388EF024B}.Release|Win32.Build.0 = Release|Win32
	EndGlobalSection
	GlobalSection(SolutionProperties) = preSolution
		HideSolutionNode = FALSE
	EndGlobalSection
	GlobalSection(ExtensibilityGlobals) = postSolution
		SolutionGuid = {D73446D4-3EF1-43DE-9B5A-259F0D06DD3E}
	EndGlobalSection
EndGlobal
